# This file is automatically @generated by Poetry 1.8.3 and should not be changed by hand.

[[package]]
name = "websockets"
version = "15.0"
description = "An implementation of the WebSocket Protocol (RFC 6455 & 7692)"
optional = false
python-versions = ">=3.9"
files = [
    {file = "websockets-15.0-cp310-cp310-macosx_10_9_universal2.whl", hash = "sha256:5e6ee18a53dd5743e6155b8ff7e8e477c25b29b440f87f65be8165275c87fef0"},
    {file = "websockets-15.0-cp310-cp310-macosx_10_9_x86_64.whl", hash = "sha256:ee06405ea2e67366a661ed313e14cf2a86e84142a3462852eb96348f7219cee3"},
    {file = "websockets-15.0-cp310-cp310-macosx_11_0_arm64.whl", hash = "sha256:8711682a629bbcaf492f5e0af72d378e976ea1d127a2d47584fa1c2c080b436b"},
    {file = "websockets-15.0-cp310-cp310-manylinux_2_17_aarch64.manylinux2014_aarch64.whl", hash = "sha256:94c4a9b01eede952442c088d415861b0cf2053cbd696b863f6d5022d4e4e2453"},
    {file = "websockets-15.0-cp310-cp310-manylinux_2_5_i686.manylinux1_i686.manylinux_2_17_i686.manylinux2014_i686.whl", hash = "sha256:45535fead66e873f411c1d3cf0d3e175e66f4dd83c4f59d707d5b3e4c56541c4"},
    {file = "websockets-15.0-cp310-cp310-manylinux_2_5_x86_64.manylinux1_x86_64.manylinux_2_17_x86_64.manylinux2014_x86_64.whl", hash = "sha256:0e389efe46ccb25a1f93d08c7a74e8123a2517f7b7458f043bd7529d1a63ffeb"},
    {file = "websockets-15.0-cp310-cp310-musllinux_1_2_aarch64.whl", hash = "sha256:67a04754d121ea5ca39ddedc3f77071651fb5b0bc6b973c71c515415b44ed9c5"},
    {file = "websockets-15.0-cp310-cp310-musllinux_1_2_i686.whl", hash = "sha256:bd66b4865c8b853b8cca7379afb692fc7f52cf898786537dfb5e5e2d64f0a47f"},
    {file = "websockets-15.0-cp310-cp310-musllinux_1_2_x86_64.whl", hash = "sha256:a4cc73a6ae0a6751b76e69cece9d0311f054da9b22df6a12f2c53111735657c8"},
    {file = "websockets-15.0-cp310-cp310-win32.whl", hash = "sha256:89da58e4005e153b03fe8b8794330e3f6a9774ee9e1c3bd5bc52eb098c3b0c4f"},
    {file = "websockets-15.0-cp310-cp310-win_amd64.whl", hash = "sha256:4ff380aabd7a74a42a760ee76c68826a8f417ceb6ea415bd574a035a111fd133"},
    {file = "websockets-15.0-cp311-cp311-macosx_10_9_universal2.whl", hash = "sha256:dd24c4d256558429aeeb8d6c24ebad4e982ac52c50bc3670ae8646c181263965"},
    {file = "websockets-15.0-cp311-cp311-macosx_10_9_x86_64.whl", hash = "sha256:f83eca8cbfd168e424dfa3b3b5c955d6c281e8fc09feb9d870886ff8d03683c7"},
    {file = "websockets-15.0-cp311-cp311-macosx_11_0_arm64.whl", hash = "sha256:4095a1f2093002c2208becf6f9a178b336b7572512ee0a1179731acb7788e8ad"},
    {file = "websockets-15.0-cp311-cp311-manylinux_2_17_aarch64.manylinux2014_aarch64.whl", hash = "sha256:fb915101dfbf318486364ce85662bb7b020840f68138014972c08331458d41f3"},
    {file = "websockets-15.0-cp311-cp311-manylinux_2_5_i686.manylinux1_i686.manylinux_2_17_i686.manylinux2014_i686.whl", hash = "sha256:45d464622314973d78f364689d5dbb9144e559f93dca11b11af3f2480b5034e1"},
    {file = "websockets-15.0-cp311-cp311-manylinux_2_5_x86_64.manylinux1_x86_64.manylinux_2_17_x86_64.manylinux2014_x86_64.whl", hash = "sha256:ace960769d60037ca9625b4c578a6f28a14301bd2a1ff13bb00e824ac9f73e55"},
    {file = "websockets-15.0-cp311-cp311-musllinux_1_2_aarch64.whl", hash = "sha256:c7cd4b1015d2f60dfe539ee6c95bc968d5d5fad92ab01bb5501a77393da4f596"},
    {file = "websockets-15.0-cp311-cp311-musllinux_1_2_i686.whl", hash = "sha256:4f7290295794b5dec470867c7baa4a14182b9732603fd0caf2a5bf1dc3ccabf3"},
    {file = "websockets-15.0-cp311-cp311-musllinux_1_2_x86_64.whl", hash = "sha256:3abd670ca7ce230d5a624fd3d55e055215d8d9b723adee0a348352f5d8d12ff4"},
    {file = "websockets-15.0-cp311-cp311-win32.whl", hash = "sha256:110a847085246ab8d4d119632145224d6b49e406c64f1bbeed45c6f05097b680"},
    {file = "websockets-15.0-cp311-cp311-win_amd64.whl", hash = "sha256:8d7bbbe2cd6ed80aceef2a14e9f1c1b61683194c216472ed5ff33b700e784e37"},
    {file = "websockets-15.0-cp312-cp312-macosx_10_13_universal2.whl", hash = "sha256:cccc18077acd34c8072578394ec79563664b1c205f7a86a62e94fafc7b59001f"},
    {file = "websockets-15.0-cp312-cp312-macosx_10_13_x86_64.whl", hash = "sha256:d4c22992e24f12de340ca5f824121a5b3e1a37ad4360b4e1aaf15e9d1c42582d"},
    {file = "websockets-15.0-cp312-cp312-macosx_11_0_arm64.whl", hash = "sha256:1206432cc6c644f6fc03374b264c5ff805d980311563202ed7fef91a38906276"},
    {file = "websockets-15.0-cp312-cp312-manylinux_2_17_aarch64.manylinux2014_aarch64.whl", hash = "sha256:5d3cc75ef3e17490042c47e0523aee1bcc4eacd2482796107fd59dd1100a44bc"},
    {file = "websockets-15.0-cp312-cp312-manylinux_2_5_i686.manylinux1_i686.manylinux_2_17_i686.manylinux2014_i686.whl", hash = "sha256:b89504227a5311610e4be16071465885a0a3d6b0e82e305ef46d9b064ce5fb72"},
    {file = "websockets-15.0-cp312-cp312-manylinux_2_5_x86_64.manylinux1_x86_64.manylinux_2_17_x86_64.manylinux2014_x86_64.whl", hash = "sha256:56e3efe356416bc67a8e093607315951d76910f03d2b3ad49c4ade9207bf710d"},
    {file = "websockets-15.0-cp312-cp312-musllinux_1_2_aarch64.whl", hash = "sha256:0f2205cdb444a42a7919690238fb5979a05439b9dbb73dd47c863d39640d85ab"},
    {file = "websockets-15.0-cp312-cp312-musllinux_1_2_i686.whl", hash = "sha256:aea01f40995fa0945c020228ab919b8dfc93fc8a9f2d3d705ab5b793f32d9e99"},
    {file = "websockets-15.0-cp312-cp312-musllinux_1_2_x86_64.whl", hash = "sha256:a9f8e33747b1332db11cf7fcf4a9512bef9748cb5eb4d3f7fbc8c30d75dc6ffc"},
    {file = "websockets-15.0-cp312-cp312-win32.whl", hash = "sha256:32e02a2d83f4954aa8c17e03fe8ec6962432c39aca4be7e8ee346b05a3476904"},
    {file = "websockets-15.0-cp312-cp312-win_amd64.whl", hash = "sha256:ffc02b159b65c05f2ed9ec176b715b66918a674bd4daed48a9a7a590dd4be1aa"},
    {file = "websockets-15.0-cp313-cp313-macosx_10_13_universal2.whl", hash = "sha256:d2244d8ab24374bed366f9ff206e2619345f9cd7fe79aad5225f53faac28b6b1"},
    {file = "websockets-15.0-cp313-cp313-macosx_10_13_x86_64.whl", hash = "sha256:3a302241fbe825a3e4fe07666a2ab513edfdc6d43ce24b79691b45115273b5e7"},
    {file = "websockets-15.0-cp313-cp313-macosx_11_0_arm64.whl", hash = "sha256:10552fed076757a70ba2c18edcbc601c7637b30cdfe8c24b65171e824c7d6081"},
    {file = "websockets-15.0-cp313-cp313-manylinux_2_17_aarch64.manylinux2014_aarch64.whl", hash = "sha256:c53f97032b87a406044a1c33d1e9290cc38b117a8062e8a8b285175d7e2f99c9"},
    {file = "websockets-15.0-cp313-cp313-manylinux_2_5_i686.manylinux1_i686.manylinux_2_17_i686.manylinux2014_i686.whl", hash = "sha256:1caf951110ca757b8ad9c4974f5cac7b8413004d2f29707e4d03a65d54cedf2b"},
    {file = "websockets-15.0-cp313-cp313-manylinux_2_5_x86_64.manylinux1_x86_64.manylinux_2_17_x86_64.manylinux2014_x86_64.whl", hash = "sha256:8bf1ab71f9f23b0a1d52ec1682a3907e0c208c12fef9c3e99d2b80166b17905f"},
    {file = "websockets-15.0-cp313-cp313-musllinux_1_2_aarch64.whl", hash = "sha256:bfcd3acc1a81f106abac6afd42327d2cf1e77ec905ae11dc1d9142a006a496b6"},
    {file = "websockets-15.0-cp313-cp313-musllinux_1_2_i686.whl", hash = "sha256:c8c5c8e1bac05ef3c23722e591ef4f688f528235e2480f157a9cfe0a19081375"},
    {file = "websockets-15.0-cp313-cp313-musllinux_1_2_x86_64.whl", hash = "sha256:86bfb52a9cfbcc09aba2b71388b0a20ea5c52b6517c0b2e316222435a8cdab72"},
    {file = "websockets-15.0-cp313-cp313-win32.whl", hash = "sha256:26ba70fed190708551c19a360f9d7eca8e8c0f615d19a574292b7229e0ae324c"},
    {file = "websockets-15.0-cp313-cp313-win_amd64.whl", hash = "sha256:ae721bcc8e69846af00b7a77a220614d9b2ec57d25017a6bbde3a99473e41ce8"},
    {file = "websockets-15.0-cp39-cp39-macosx_10_9_universal2.whl", hash = "sha256:c348abc5924caa02a62896300e32ea80a81521f91d6db2e853e6b1994017c9f6"},
    {file = "websockets-15.0-cp39-cp39-macosx_10_9_x86_64.whl", hash = "sha256:5294fcb410ed0a45d5d1cdedc4e51a60aab5b2b3193999028ea94afc2f554b05"},
    {file = "websockets-15.0-cp39-cp39-macosx_11_0_arm64.whl", hash = "sha256:c24ba103ecf45861e2e1f933d40b2d93f5d52d8228870c3e7bf1299cd1cb8ff1"},
    {file = "websockets-15.0-cp39-cp39-manylinux_2_17_aarch64.manylinux2014_aarch64.whl", hash = "sha256:cc8821a03bcfb36e4e4705316f6b66af28450357af8a575dc8f4b09bf02a3dee"},
    {file = "websockets-15.0-cp39-cp39-manylinux_2_5_i686.manylinux1_i686.manylinux_2_17_i686.manylinux2014_i686.whl", hash = "sha256:ffc5ae23ada6515f31604f700009e2df90b091b67d463a8401c1d8a37f76c1d7"},
    {file = "websockets-15.0-cp39-cp39-manylinux_2_5_x86_64.manylinux1_x86_64.manylinux_2_17_x86_64.manylinux2014_x86_64.whl", hash = "sha256:7ac67b542505186b3bbdaffbc303292e1ee9c8729e5d5df243c1f20f4bb9057e"},
    {file = "websockets-15.0-cp39-cp39-musllinux_1_2_aarch64.whl", hash = "sha256:c86dc2068f1c5ca2065aca34f257bbf4f78caf566eb230f692ad347da191f0a1"},
    {file = "websockets-15.0-cp39-cp39-musllinux_1_2_i686.whl", hash = "sha256:30cff3ef329682b6182c01c568f551481774c476722020b8f7d0daacbed07a17"},
    {file = "websockets-15.0-cp39-cp39-musllinux_1_2_x86_64.whl", hash = "sha256:98dcf978d4c6048965d1762abd534c9d53bae981a035bfe486690ba11f49bbbb"},
    {file = "websockets-15.0-cp39-cp39-win32.whl", hash = "sha256:37d66646f929ae7c22c79bc73ec4074d6db45e6384500ee3e0d476daf55482a9"},
    {file = "websockets-15.0-cp39-cp39-win_amd64.whl", hash = "sha256:24d5333a9b2343330f0f4eb88546e2c32a7f5c280f8dd7d3cc079beb0901781b"},
    {file = "websockets-15.0-pp310-pypy310_pp73-macosx_10_15_x86_64.whl", hash = "sha256:b499caef4bca9cbd0bd23cd3386f5113ee7378094a3cb613a2fa543260fe9506"},
    {file = "websockets-15.0-pp310-pypy310_pp73-macosx_11_0_arm64.whl", hash = "sha256:17f2854c6bd9ee008c4b270f7010fe2da6c16eac5724a175e75010aacd905b31"},
    {file = "websockets-15.0-pp310-pypy310_pp73-manylinux_2_17_aarch64.manylinux2014_aarch64.whl", hash = "sha256:89f72524033abbfde880ad338fd3c2c16e31ae232323ebdfbc745cbb1b3dcc03"},
    {file = "websockets-15.0-pp310-pypy310_pp73-manylinux_2_5_i686.manylinux1_i686.manylinux_2_17_i686.manylinux2014_i686.whl", hash = "sha256:1657a9eecb29d7838e3b415458cc494e6d1b194f7ac73a34aa55c6fb6c72d1f3"},
    {file = "websockets-15.0-pp310-pypy310_pp73-manylinux_2_5_x86_64.manylinux1_x86_64.manylinux_2_17_x86_64.manylinux2014_x86_64.whl", hash = "sha256:e413352a921f5ad5d66f9e2869b977e88d5103fc528b6deb8423028a2befd842"},
    {file = "websockets-15.0-pp310-pypy310_pp73-win_amd64.whl", hash = "sha256:8561c48b0090993e3b2a54db480cab1d23eb2c5735067213bb90f402806339f5"},
    {file = "websockets-15.0-pp39-pypy39_pp73-macosx_10_15_x86_64.whl", hash = "sha256:190bc6ef8690cd88232a038d1b15714c258f79653abad62f7048249b09438af3"},
    {file = "websockets-15.0-pp39-pypy39_pp73-macosx_11_0_arm64.whl", hash = "sha256:327adab7671f3726b0ba69be9e865bba23b37a605b585e65895c428f6e47e766"},
    {file = "websockets-15.0-pp39-pypy39_pp73-manylinux_2_17_aarch64.manylinux2014_aarch64.whl", hash = "sha256:2bd8ef197c87afe0a9009f7a28b5dc613bfc585d329f80b7af404e766aa9e8c7"},
    {file = "websockets-15.0-pp39-pypy39_pp73-manylinux_2_5_i686.manylinux1_i686.manylinux_2_17_i686.manylinux2014_i686.whl", hash = "sha256:789c43bf4a10cd067c24c321238e800b8b2716c863ddb2294d2fed886fa5a689"},
    {file = "websockets-15.0-pp39-pypy39_pp73-manylinux_2_5_x86_64.manylinux1_x86_64.manylinux_2_17_x86_64.manylinux2014_x86_64.whl", hash = "sha256:7394c0b7d460569c9285fa089a429f58465db930012566c03046f9e3ab0ed181"},
    {file = "websockets-15.0-pp39-pypy39_pp73-win_amd64.whl", hash = "sha256:2ea4f210422b912ebe58ef0ad33088bc8e5c5ff9655a8822500690abc3b1232d"},
    {file = "websockets-15.0-py3-none-any.whl", hash = "sha256:51ffd53c53c4442415b613497a34ba0aa7b99ac07f1e4a62db5dcd640ae6c3c3"},
    {file = "websockets-15.0.tar.gz", hash = "sha256:ca36151289a15b39d8d683fd8b7abbe26fc50be311066c5f8dcf3cb8cee107ab"},
]

[metadata]
lock-version = "2.0"
python-versions = "^3.9"
content-hash = "9c483904f4f69ae2ee0304fc4fe111bcc15eb67bb84b97127e3f245a382c67be"
